// !$*UTF8*$!
{
	archiveVersion = 1;
	classes = {
	};
	objectVersion = 55;
	objects = {

/* Begin PBXBuildFile section */
		664AC39328004E52000988CD /* AppDelegate.swift in Sources */ = {isa = PBXBuildFile; fileRef = 664AC39228004E52000988CD /* AppDelegate.swift */; };
		664AC39528004E52000988CD /* SceneDelegate.swift in Sources */ = {isa = PBXBuildFile; fileRef = 664AC39428004E52000988CD /* SceneDelegate.swift */; };
		664AC39728004E52000988CD /* MainVC.swift in Sources */ = {isa = PBXBuildFile; fileRef = 664AC39628004E52000988CD /* MainVC.swift */; };
		664AC39C28004E52000988CD /* Assets.xcassets in Resources */ = {isa = PBXBuildFile; fileRef = 664AC39B28004E52000988CD /* Assets.xcassets */; };
		664AC39F28004E52000988CD /* LaunchScreen.storyboard in Resources */ = {isa = PBXBuildFile; fileRef = 664AC39D28004E52000988CD /* LaunchScreen.storyboard */; };
		664AC3AA28004F7D000988CD /* BottomCell.swift in Sources */ = {isa = PBXBuildFile; fileRef = 664AC3A928004F7D000988CD /* BottomCell.swift */; };
		664AC3AC28004F93000988CD /* TopImageCell.swift in Sources */ = {isa = PBXBuildFile; fileRef = 664AC3AB28004F93000988CD /* TopImageCell.swift */; };
		664AC3AE28008CCA000988CD /* IconCell.swift in Sources */ = {isa = PBXBuildFile; fileRef = 664AC3AD28008CCA000988CD /* IconCell.swift */; };
/* End PBXBuildFile section */

/* Begin PBXFileReference section */
		664AC38F28004E52000988CD /* 03-CollectionView.app */ = {isa = PBXFileReference; explicitFileType = wrapper.application; includeInIndex = 0; path = "03-CollectionView.app"; sourceTree = BUILT_PRODUCTS_DIR; };
		664AC39228004E52000988CD /* AppDelegate.swift */ = {isa = PBXFileReference; lastKnownFileType = sourcecode.swift; path = AppDelegate.swift; sourceTree = "<group>"; };
		664AC39428004E52000988CD /* SceneDelegate.swift */ = {isa = PBXFileReference; lastKnownFileType = sourcecode.swift; path = SceneDelegate.swift; sourceTree = "<group>"; };
		664AC39628004E52000988CD /* MainVC.swift */ = {isa = PBXFileReference; lastKnownFileType = sourcecode.swift; path = MainVC.swift; sourceTree = "<group>"; };
		664AC39B28004E52000988CD /* Assets.xcassets */ = {isa = PBXFileReference; lastKnownFileType = folder.assetcatalog; path = Assets.xcassets; sourceTree = "<group>"; };
		664AC39E28004E52000988CD /* Base */ = {isa = PBXFileReference; lastKnownFileType = file.storyboard; name = Base; path = Base.lproj/LaunchScreen.storyboard; sourceTree = "<group>"; };
		664AC3A028004E52000988CD /* Info.plist */ = {isa = PBXFileReference; lastKnownFileType = text.plist.xml; path = Info.plist; sourceTree = "<group>"; };
		664AC3A928004F7D000988CD /* BottomCell.swift */ = {isa = PBXFileReference; lastKnownFileType = sourcecode.swift; path = BottomCell.swift; sourceTree = "<group>"; };
		664AC3AB28004F93000988CD /* TopImageCell.swift */ = {isa = PBXFileReference; lastKnownFileType = sourcecode.swift; path = TopImageCell.swift; sourceTree = "<group>"; };
		664AC3AD28008CCA000988CD /* IconCell.swift */ = {isa = PBXFileReference; lastKnownFileType = sourcecode.swift; name = IconCell.swift; path = ../../../../../Documents/IconCell.swift; sourceTree = "<group>"; };
/* End PBXFileReference section */

/* Begin PBXFrameworksBuildPhase section */
		664AC38C28004E52000988CD /* Frameworks */ = {
			isa = PBXFrameworksBuildPhase;
			buildActionMask = 2147483647;
			files = (
			);
			runOnlyForDeploymentPostprocessing = 0;
		};
/* End PBXFrameworksBuildPhase section */

/* Begin PBXGroup section */
		664AC38628004E52000988CD = {
			isa = PBXGroup;
			children = (
				664AC39128004E52000988CD /* 03-CollectionView */,
				664AC39028004E52000988CD /* Products */,
			);
			sourceTree = "<group>";
		};
		664AC39028004E52000988CD /* Products */ = {
			isa = PBXGroup;
			children = (
				664AC38F28004E52000988CD /* 03-CollectionView.app */,
			);
			name = Products;
			sourceTree = "<group>";
		};
		664AC39128004E52000988CD /* 03-CollectionView */ = {
			isa = PBXGroup;
			children = (
				664AC3A628004F3C000988CD /* CustomCells */,
				664AC39228004E52000988CD /* AppDelegate.swift */,
				664AC39428004E52000988CD /* SceneDelegate.swift */,
				664AC39628004E52000988CD /* MainVC.swift */,
				664AC39B28004E52000988CD /* Assets.xcassets */,
				664AC39D28004E52000988CD /* LaunchScreen.storyboard */,
				664AC3A028004E52000988CD /* Info.plist */,
			);
			path = "03-CollectionView";
			sourceTree = "<group>";
		};
		664AC3A628004F3C000988CD /* CustomCells */ = {
			isa = PBXGroup;
			children = (
				664AC3A828004F69000988CD /* TopCell */,
				664AC3A728004F5E000988CD /* BottomCell */,
			);
			path = CustomCells;
			sourceTree = "<group>";
		};
		664AC3A728004F5E000988CD /* BottomCell */ = {
			isa = PBXGroup;
			children = (
				664AC3A928004F7D000988CD /* BottomCell.swift */,
			);
			path = BottomCell;
			sourceTree = "<group>";
		};
		664AC3A828004F69000988CD /* TopCell */ = {
			isa = PBXGroup;
			children = (
				664AC3AB28004F93000988CD /* TopImageCell.swift */,
				664AC3AD28008CCA000988CD /* IconCell.swift */,
			);
			path = TopCell;
			sourceTree = "<group>";
		};
/* End PBXGroup section */

/* Begin PBXNativeTarget section */
		664AC38E28004E52000988CD /* 03-CollectionView */ = {
			isa = PBXNativeTarget;
			buildConfigurationList = 664AC3A328004E52000988CD /* Build configuration list for PBXNativeTarget "03-CollectionView" */;
			buildPhases = (
				664AC38B28004E52000988CD /* Sources */,
				664AC38C28004E52000988CD /* Frameworks */,
				664AC38D28004E52000988CD /* Resources */,
			);
			buildRules = (
			);
			dependencies = (
			);
			name = "03-CollectionView";
			productName = "03-CollectionView";
			productReference = 664AC38F28004E52000988CD /* 03-CollectionView.app */;
			productType = "com.apple.product-type.application";
		};
/* End PBXNativeTarget section */

/* Begin PBXProject section */
		664AC38728004E52000988CD /* Project object */ = {
			isa = PBXProject;
			attributes = {
				BuildIndependentTargetsInParallel = 1;
				LastSwiftUpdateCheck = 1330;
				LastUpgradeCheck = 1330;
				TargetAttributes = {
					664AC38E28004E52000988CD = {
						CreatedOnToolsVersion = 13.3;
					};
				};
			};
			buildConfigurationList = 664AC38A28004E52000988CD /* Build configuration list for PBXProject "03-CollectionView" */;
			compatibilityVersion = "Xcode 13.0";
			developmentRegion = en;
			hasScannedForEncodings = 0;
			knownRegions = (
				en,
				Base,
			);
			mainGroup = 664AC38628004E52000988CD;
			productRefGroup = 664AC39028004E52000988CD /* Products */;
			projectDirPath = "";
			projectRoot = "";
			targets = (
				664AC38E28004E52000988CD /* 03-CollectionView */,
			);
		};
/* End PBXProject section */

/* Begin PBXResourcesBuildPhase section */
		664AC38D28004E52000988CD /* Resources */ = {
			isa = PBXResourcesBuildPhase;
			buildActionMask = 2147483647;
			files = (
				664AC39F28004E52000988CD /* LaunchScreen.storyboard in Resources */,
				664AC39C28004E52000988CD /* Assets.xcassets in Resources */,
			);
			runOnlyForDeploymentPostprocessing = 0;
		};
/* End PBXResourcesBuildPhase section */

/* Begin PBXSourcesBuildPhase section */
		664AC38B28004E52000988CD /* Sources */ = {
			isa = PBXSourcesBuildPhase;
			buildActionMask = 2147483647;
			files = (
				664AC3AA28004F7D000988CD /* BottomCell.swift in Sources */,
				664AC3AC28004F93000988CD /* TopImageCell.swift in Sources */,
				664AC3AE28008CCA000988CD /* IconCell.swift in Sources */,
				664AC39728004E52000988CD /* MainVC.swift in Sources */,
				664AC39328004E52000988CD /* AppDelegate.swift in Sources */,
				664AC39528004E52000988CD /* SceneDelegate.swift in Sources */,
			);
			runOnlyForDeploymentPostprocessing = 0;
		};
/* End PBXSourcesBuildPhase section */

/* Begin PBXVariantGroup section */
		664AC39D28004E52000988CD /* LaunchScreen.storyboard */ = {
			isa = PBXVariantGroup;
			children = (
				664AC39E28004E52000988CD /* Base */,
			);
			name = LaunchScreen.storyboard;
			sourceTree = "<group>";
		};
/* End PBXVariantGroup section */

/* Begin XCBuildConfiguration section */
		664AC3A128004E52000988CD /* Debug */ = {
			isa = XCBuildConfiguration;
			buildSettings = {
				ALWAYS_SEARCH_USER_PATHS = NO;
				CLANG_ANALYZER_NONNULL = YES;
				CLANG_ANALYZER_NUMBER_OBJECT_CONVERSION = YES_AGGRESSIVE;
				CLANG_CXX_LANGUAGE_STANDARD = "gnu++17";
				CLANG_ENABLE_MODULES = YES;
				CLANG_ENABLE_OBJC_ARC = YES;
				CLANG_ENABLE_OBJC_WEAK = YES;
				CLANG_WARN_BLOCK_CAPTURE_AUTORELEASING = YES;
				CLANG_WARN_BOOL_CONVERSION = YES;
				CLANG_WARN_COMMA = YES;
				CLANG_WARN_CONSTANT_CONVERSION = YES;
				CLANG_WARN_DEPRECATED_OBJC_IMPLEMENTATIONS = YES;
				CLANG_WARN_DIRECT_OBJC_ISA_USAGE = YES_ERROR;
				CLANG_WARN_DOCUMENTATION_COMMENTS = YES;
				CLANG_WARN_EMPTY_BODY = YES;
				CLANG_WARN_ENUM_CONVERSION = YES;
				CLANG_WARN_INFINITE_RECURSION = YES;
				CLANG_WARN_INT_CONVERSION = YES;
				CLANG_WARN_NON_LITERAL_NULL_CONVERSION = YES;
				CLANG_WARN_OBJC_IMPLICIT_RETAIN_SELF = YES;
				CLANG_WARN_OBJC_LITERAL_CONVERSION = YES;
				CLANG_WARN_OBJC_ROOT_CLASS = YES_ERROR;
				CLANG_WARN_QUOTED_INCLUDE_IN_FRAMEWORK_HEADER = YES;
				CLANG_WARN_RANGE_LOOP_ANALYSIS = YES;
				CLANG_WARN_STRICT_PROTOTYPES = YES;
				CLANG_WARN_SUSPICIOUS_MOVE = YES;
				CLANG_WARN_UNGUARDED_AVAILABILITY = YES_AGGRESSIVE;
				CLANG_WARN_UNREACHABLE_CODE = YES;
				CLANG_WARN__DUPLICATE_METHOD_MATCH = YES;
				COPY_PHASE_STRIP = NO;
				DEBUG_INFORMATION_FORMAT = dwarf;
				ENABLE_STRICT_OBJC_MSGSEND = YES;
				ENABLE_TESTABILITY = YES;
				GCC_C_LANGUAGE_STANDARD = gnu11;
				GCC_DYNAMIC_NO_PIC = NO;
				GCC_NO_COMMON_BLOCKS = YES;
				GCC_OPTIMIZATION_LEVEL = 0;
				GCC_PREPROCESSOR_DEFINITIONS = (
					"DEBUG=1",
					"$(inherited)",
				);
				GCC_WARN_64_TO_32_BIT_CONVERSION = YES;
				GCC_WARN_ABOUT_RETURN_TYPE = YES_ERROR;
				GCC_WARN_UNDECLARED_SELECTOR = YES;
				GCC_WARN_UNINITIALIZED_AUTOS = YES_AGGRESSIVE;
				GCC_WARN_UNUSED_FUNCTION = YES;
				GCC_WARN_UNUSED_VARIABLE = YES;
				IPHONEOS_DEPLOYMENT_TARGET = 15.4;
				MTL_ENABLE_DEBUG_INFO = INCLUDE_SOURCE;
				MTL_FAST_MATH = YES;
				ONLY_ACTIVE_ARCH = YES;
				SDKROOT = iphoneos;
				SWIFT_ACTIVE_COMPILATION_CONDITIONS = DEBUG;
				SWIFT_OPTIMIZATION_LEVEL = "-Onone";
			};
			name = Debug;
		};
		664AC3A228004E52000988CD /* Release */ = {
			isa = XCBuildConfiguration;
			buildSettings = {
				ALWAYS_SEARCH_USER_PATHS = NO;
				CLANG_ANALYZER_NONNULL = YES;
				CLANG_ANALYZER_NUMBER_OBJECT_CONVERSION = YES_AGGRESSIVE;
				CLANG_CXX_LANGUAGE_STANDARD = "gnu++17";
				CLANG_ENABLE_MODULES = YES;
				CLANG_ENABLE_OBJC_ARC = YES;
				CLANG_ENABLE_OBJC_WEAK = YES;
				CLANG_WARN_BLOCK_CAPTURE_AUTORELEASING = YES;
				CLANG_WARN_BOOL_CONVERSION = YES;
				CLANG_WARN_COMMA = YES;
				CLANG_WARN_CONSTANT_CONVERSION = YES;
				CLANG_WARN_DEPRECATED_OBJC_IMPLEMENTATIONS = YES;
				CLANG_WARN_DIRECT_OBJC_ISA_USAGE = YES_ERROR;
				CLANG_WARN_DOCUMENTATION_COMMENTS = YES;
				CLANG_WARN_EMPTY_BODY = YES;
				CLANG_WARN_ENUM_CONVERSION = YES;
				CLANG_WARN_INFINITE_RECURSION = YES;
				CLANG_WARN_INT_CONVERSION = YES;
				CLANG_WARN_NON_LITERAL_NULL_CONVERSION = YES;
				CLANG_WARN_OBJC_IMPLICIT_RETAIN_SELF = YES;
				CLANG_WARN_OBJC_LITERAL_CONVERSION = YES;
				CLANG_WARN_OBJC_ROOT_CLASS = YES_ERROR;
				CLANG_WARN_QUOTED_INCLUDE_IN_FRAMEWORK_HEADER = YES;
				CLANG_WARN_RANGE_LOOP_ANALYSIS = YES;
				CLANG_WARN_STRICT_PROTOTYPES = YES;
				CLANG_WARN_SUSPICIOUS_MOVE = YES;
				CLANG_WARN_UNGUARDED_AVAILABILITY = YES_AGGRESSIVE;
				CLANG_WARN_UNREACHABLE_CODE = YES;
				CLANG_WARN__DUPLICATE_METHOD_MATCH = YES;
				COPY_PHASE_STRIP = NO;
				DEBUG_INFORMATION_FORMAT = "dwarf-with-dsym";
				ENABLE_NS_ASSERTIONS = NO;
				ENABLE_STRICT_OBJC_MSGSEND = YES;
				GCC_C_LANGUAGE_STANDARD = gnu11;
				GCC_NO_COMMON_BLOCKS = YES;
				GCC_WARN_64_TO_32_BIT_CONVERSION = YES;
				GCC_WARN_ABOUT_RETURN_TYPE = YES_ERROR;
				GCC_WARN_UNDECLARED_SELECTOR = YES;
				GCC_WARN_UNINITIALIZED_AUTOS = YES_AGGRESSIVE;
				GCC_WARN_UNUSED_FUNCTION = YES;
				GCC_WARN_UNUSED_VARIABLE = YES;
				IPHONEOS_DEPLOYMENT_TARGET = 15.4;
				MTL_ENABLE_DEBUG_INFO = NO;
				MTL_FAST_MATH = YES;
				SDKROOT = iphoneos;
				SWIFT_COMPILATION_MODE = wholemodule;
				SWIFT_OPTIMIZATION_LEVEL = "-O";
				VALIDATE_PRODUCT = YES;
			};
			name = Release;
		};
		664AC3A428004E52000988CD /* Debug */ = {
			isa = XCBuildConfiguration;
			buildSettings = {
				ASSETCATALOG_COMPILER_APPICON_NAME = AppIcon;
				ASSETCATALOG_COMPILER_GLOBAL_ACCENT_COLOR_NAME = AccentColor;
				CODE_SIGN_STYLE = Automatic;
				CURRENT_PROJECT_VERSION = 1;
				GENERATE_INFOPLIST_FILE = YES;
				INFOPLIST_FILE = "03-CollectionView/Info.plist";
				INFOPLIST_KEY_UIApplicationSupportsIndirectInputEvents = YES;
				INFOPLIST_KEY_UILaunchStoryboardName = LaunchScreen;
				INFOPLIST_KEY_UISupportedInterfaceOrientations_iPad = "UIInterfaceOrientationPortrait UIInterfaceOrientationPortraitUpsideDown UIInterfaceOrientationLandscapeLeft UIInterfaceOrientationLandscapeRight";
				INFOPLIST_KEY_UISupportedInterfaceOrientations_iPhone = "UIInterfaceOrientationPortrait UIInterfaceOrientationLandscapeLeft UIInterfaceOrientationLandscapeRight";
				LD_RUNPATH_SEARCH_PATHS = (
					"$(inherited)",
					"@executable_path/Frameworks",
				);
				MARKETING_VERSION = 1.0;
				PRODUCT_BUNDLE_IDENTIFIER = "oguzhanerdem.-3-CollectionView";
				PRODUCT_NAME = "$(TARGET_NAME)";
				SWIFT_EMIT_LOC_STRINGS = YES;
				SWIFT_VERSION = 5.0;
				TARGETED_DEVICE_FAMILY = "1,2";
			};
			name = Debug;
		};
		664AC3A528004E52000988CD /* Release */ = {
			isa = XCBuildConfiguration;
			buildSettings = {
				ASSETCATALOG_COMPILER_APPICON_NAME = AppIcon;
				ASSETCATALOG_COMPILER_GLOBAL_ACCENT_COLOR_NAME = AccentColor;
				CODE_SIGN_STYLE = Automatic;
				CURRENT_PROJECT_VERSION = 1;
				GENERATE_INFOPLIST_FILE = YES;
				INFOPLIST_FILE = "03-CollectionView/Info.plist";
				INFOPLIST_KEY_UIApplicationSupportsIndirectInputEvents = YES;
				INFOPLIST_KEY_UILaunchStoryboardName = LaunchScreen;
				INFOPLIST_KEY_UISupportedInterfaceOrientations_iPad = "UIInterfaceOrientationPortrait UIInterfaceOrientationPortraitUpsideDown UIInterfaceOrientationLandscapeLeft UIInterfaceOrientationLandscapeRight";
				INFOPLIST_KEY_UISupportedInterfaceOrientations_iPhone = "UIInterfaceOrientationPortrait UIInterfaceOrientationLandscapeLeft UIInterfaceOrientationLandscapeRight";
				LD_RUNPATH_SEARCH_PATHS = (
					"$(inherited)",
					"@executable_path/Frameworks",
				);
				MARKETING_VERSION = 1.0;
				PRODUCT_BUNDLE_IDENTIFIER = "oguzhanerdem.-3-CollectionView";
				PRODUCT_NAME = "$(TARGET_NAME)";
				SWIFT_EMIT_LOC_STRINGS = YES;
				SWIFT_VERSION = 5.0;
				TARGETED_DEVICE_FAMILY = "1,2";
			};
			name = Release;
		};
/* End XCBuildConfiguration section */

/* Begin XCConfigurationList section */
		664AC38A28004E52000988CD /* Build configuration list for PBXProject "03-CollectionView" */ = {
			isa = XCConfigurationList;
			buildConfigurations = (
				664AC3A128004E52000988CD /* Debug */,
				664AC3A228004E52000988CD /* Release */,
			);
			defaultConfigurationIsVisible = 0;
			defaultConfigurationName = Release;
		};
		664AC3A328004E52000988CD /* Build configuration list for PBXNativeTarget "03-CollectionView" */ = {
			isa = XCConfigurationList;
			buildConfigurations = (
				664AC3A428004E52000988CD /* Debug */,
				664AC3A528004E52000988CD /* Release */,
			);
			defaultConfigurationIsVisible = 0;
			defaultConfigurationName = Release;
		};
/* End XCConfigurationList section */
	};
	rootObject = 664AC38728004E52000988CD /* Project object */;
}
